--- 
dependencies: 
  spork: 
    group: 
    - :test
    version: ">= 0"
  fastercsv: 
    group: 
    - :default
    version: ">= 0"
  rspec-core: 
    group: 
    - :default
    version: ">= 2.0.0.beta.10"
  rails: 
    group: 
    - :default
    version: ">= 0"
  mysql: 
    group: 
    - :default
    version: ">= 0"
  rspec: 
    group: 
    - :default
    version: ">= 2.0.0.beta.10"
  acts-as-taggable-on: 
    group: 
    - :default
    version: ">= 0"
  rspec-expectations: 
    group: 
    - :default
    version: ">= 2.0.0.beta.10"
  mail: 
    group: 
    - :default
    version: ">= 0"
  database_cleaner: 
    group: 
    - :test
    version: ">= 0"
  rspec-rails: 
    group: 
    - :default
    version: ">= 2.0.0.beta.10"
  factory_girl: 
    group: 
    - :test
    version: ">= 0"
  exceptional: 
    group: 
    - :default
    version: ">= 0"
  will_paginate: 
    group: 
    - :default
    version: = 3.0.pre
  arel: 
    group: 
    - :default
    version: ">= 0"
  devise: 
    group: 
    - :default
    version: ">= 0"
  cucumber-rails: 
    group: 
    - :test
    version: ">= 0"
  bundler: 
    group: 
    - :default
    version: = 0.9.26
  selenium-client: 
    group: 
    - :test
    version: ">= 0"
  cucumber: 
    group: 
    - :test
    version: = 0.7.2
  devise_rpx_connectable: 
    group: 
    - :default
    version: ">= 0"
  rpx_now: 
    group: 
    - :default
    version: ">= 0"
  i18n: 
    group: 
    - :default
    version: ">= 0"
  danieljohnmorris-shadow_puppet: 
    group: 
    - :default
    version: ">= 0"
  warden: 
    group: 
    - :default
    version: ">= 0"
  rspec-mocks: 
    group: 
    - :default
    version: ">= 2.0.0.beta.10"
  hpricot: 
    group: 
    - :test
    version: ">= 0"
  launchy: 
    group: 
    - :test
    version: ">= 0"
  capistrano: 
    group: 
    - :default
    version: ">= 0"
  capybara: 
    group: 
    - :test
    version: ">= 0"
specs: 
- rake: 
    version: 0.8.7
- abstract: 
    version: 1.0.0
- activesupport: 
    version: 3.0.0.beta4
    source: 7
- builder: 
    version: 2.1.2
- i18n: 
    version: 0.4.1
- activemodel: 
    version: 3.0.0.beta4
    source: 7
- erubis: 
    version: 2.6.5
- rack: 
    version: 1.1.0
- rack-mount: 
    version: 0.6.4
- rack-test: 
    version: 0.5.4
- tzinfo: 
    version: 0.3.22
- actionpack: 
    version: 3.0.0.beta4
    source: 7
- mime-types: 
    version: "1.16"
- polyglot: 
    version: 0.3.1
- treetop: 
    version: 1.4.8
- mail: 
    version: 2.2.4
- actionmailer: 
    version: 3.0.0.beta4
    source: 7
- arel: 
    version: 0.4.0
- activerecord: 
    version: 3.0.0.beta4
    source: 7
- activeresource: 
    version: 3.0.0.beta4
    source: 7
- acts-as-taggable-on: 
    version: 2.0.6
- bcrypt-ruby: 
    version: 2.1.2
- bundler: 
    version: 0.9.26
- highline: 
    version: 1.5.2
- net-ssh: 
    version: 2.0.23
- net-scp: 
    version: 1.0.2
- net-sftp: 
    version: 2.0.4
- net-ssh-gateway: 
    version: 1.0.1
- capistrano: 
    version: 2.5.18
- culerity: 
    version: 0.2.10
- nokogiri: 
    version: 1.4.2
- ffi: 
    version: 0.6.3
- json_pure: 
    version: 1.4.3
- selenium-webdriver: 
    version: 0.0.24
- capybara: 
    version: 0.3.8
- configuration: 
    version: 1.1.0
- diff-lcs: 
    version: 1.1.2
- trollop: 
    version: 1.16.2
- gherkin: 
    version: 2.0.2
- term-ansicolor: 
    version: 1.0.5
- cucumber: 
    version: 0.7.2
- cucumber-rails: 
    version: 0.3.1
- facter: 
    version: 1.5.7
- puppet: 
    version: 0.24.8
- danieljohnmorris-shadow_puppet: 
    version: 0.3.4
- database_cleaner: 
    version: 0.5.2
- warden: 
    version: 0.10.7
- devise: 
    version: 1.1.rc1
    source: 6
- rpx_now: 
    version: 0.6.21
- devise_rpx_connectable: 
    version: 0.1.3
- exceptional: 
    version: 2.0.15
- factory_girl: 
    version: 1.2.3
    source: 0
- fastercsv: 
    version: 1.5.3
- hpricot: 
    version: 0.8.2
- launchy: 
    version: 0.3.5
- mysql: 
    version: 2.8.1
- thor: 
    version: 0.13.6
- railties: 
    version: 3.0.0.beta4
    source: 7
- rails: 
    version: 3.0.0.beta4
    source: 7
- rspec-core: 
    version: 2.0.0.beta.12
    source: 3
- rspec-expectations: 
    version: 2.0.0.beta.12
    source: 2
- rspec-mocks: 
    version: 2.0.0.beta.12
    source: 1
- rspec: 
    version: 2.0.0.beta.12
    source: 4
- webrat: 
    version: 0.7.1
- rspec-rails: 
    version: 2.0.0.beta.12
    source: 5
- selenium-client: 
    version: 1.2.18
- spork: 
    version: 0.8.4
- will_paginate: 
    version: 3.0.pre
hash: 49467c0aa7b3db03c121d3f2400ca2e3fd82965c
sources: 
- Git: 
    uri: git://github.com/szimek/factory_girl.git
    branch: rails3
    git: git://github.com/szimek/factory_girl.git
    ref: b4b7d25018a14e781796ed651518ec79f2d0e52d
- Git: 
    uri: git://github.com/rspec/rspec-mocks.git
    git: git://github.com/rspec/rspec-mocks.git
    ref: 0368e2fcedadcd3e362c350f09103968ad4728d5
- Git: 
    uri: git://github.com/rspec/rspec-expectations.git
    git: git://github.com/rspec/rspec-expectations.git
    ref: 0cdd882c1f43fcf8b25637705704895818713933
- Git: 
    uri: git://github.com/rspec/rspec-core.git
    git: git://github.com/rspec/rspec-core.git
    ref: 42b6846477d89cfd0a2e744abaa52778920abb12
- Git: 
    uri: git://github.com/rspec/rspec.git
    git: git://github.com/rspec/rspec.git
    ref: ad9f6ea17451d683e8abb37e6524fcbf989d90ba
- Git: 
    uri: git://github.com/rspec/rspec-rails.git
    git: git://github.com/rspec/rspec-rails.git
    ref: 759b953cebede7074f031a90d8137365a7cadc00
- Git: 
    uri: git://github.com/plataformatec/devise.git
    git: git://github.com/plataformatec/devise.git
    ref: ac0105d15f5bcc78f7a4b496eb52b0a5e9a27100
- Git: 
    uri: git://github.com/rails/rails.git
    git: git://github.com/rails/rails.git
    ref: 69bc8b26a9be246acc06eaab09063eb97f76aa00
- Rubygems: 
    uri: http://rubygems.org
- Rubygems: 
    uri: http://gemcutter.org
